
Microsoft Visual Studio Solution File, Format Version 12.00
# Visual Studio 2013
VisualStudioVersion = 12.0.30723.0
MinimumVisualStudioVersion = 10.0.40219.1
Project("{FAE04EC0-301F-11D3-BF4B-00C04F79EFBC}") = "SmartHome.RESTService", "RESTService\SmartHome.RESTService.csproj", "{E0F5AF1A-AD35-4A06-8CAA-C32D73D0FD07}"
EndProject
Project("{FAE04EC0-301F-11D3-BF4B-00C04F79EFBC}") = "SmartHome.ViewModel", "SmartHome.ViewModel\SmartHome.ViewModel.csproj", "{C61CA7CF-B88F-4249-9E66-7E0F42A075D6}"
EndProject
Project("{2150E333-8FDC-42A3-9474-1A3956D46DE8}") = "DB", "DB", "{A50CFAFF-F6DA-4A0A-8159-3FD071DDD8C1}"
	ProjectSection(SolutionItems) = preProject
		DB\CreateDB.sql = DB\CreateDB.sql
	EndProjectSection
EndProject
Project("{2150E333-8FDC-42A3-9474-1A3956D46DE8}") = "ThirdParty", "ThirdParty", "{00F0585E-38F5-4BAE-982B-DAF3A50F2DE7}"
	ProjectSection(SolutionItems) = preProject
		ThirdParty\Json60r6.zip = ThirdParty\Json60r6.zip
		ThirdParty\NHibernate-3.3.3.GA-bin.zip = ThirdParty\NHibernate-3.3.3.GA-bin.zip
	EndProjectSection
EndProject
Project("{2150E333-8FDC-42A3-9474-1A3956D46DE8}") = "Required_Bins", "Required_Bins", "{5E639B8D-0C56-446C-BD66-DB81F5053B49}"
	ProjectSection(SolutionItems) = preProject
		ThirdParty\Required_Bins\Iesi.Collections.dll = ThirdParty\Required_Bins\Iesi.Collections.dll
		ThirdParty\Required_Bins\Iesi.Collections.xml = ThirdParty\Required_Bins\Iesi.Collections.xml
		ThirdParty\Required_Bins\LinFu.DynamicProxy.dll = ThirdParty\Required_Bins\LinFu.DynamicProxy.dll
		ThirdParty\Required_Bins\Newtonsoft.Json.dll = ThirdParty\Required_Bins\Newtonsoft.Json.dll
		ThirdParty\Required_Bins\Newtonsoft.Json.pdb = ThirdParty\Required_Bins\Newtonsoft.Json.pdb
		ThirdParty\Required_Bins\Newtonsoft.Json.xml = ThirdParty\Required_Bins\Newtonsoft.Json.xml
		ThirdParty\Required_Bins\nhibernate-configuration.xsd = ThirdParty\Required_Bins\nhibernate-configuration.xsd
		ThirdParty\Required_Bins\nhibernate-mapping.xsd = ThirdParty\Required_Bins\nhibernate-mapping.xsd
		ThirdParty\Required_Bins\NHibernate.dll = ThirdParty\Required_Bins\NHibernate.dll
		ThirdParty\Required_Bins\NHibernate.pdb = ThirdParty\Required_Bins\NHibernate.pdb
		ThirdParty\Required_Bins\NHibernate.xml = ThirdParty\Required_Bins\NHibernate.xml
		ThirdParty\Required_Bins\Ninject.dll = ThirdParty\Required_Bins\Ninject.dll
		ThirdParty\Required_Bins\Ninject.Extensions.Conventions.dll = ThirdParty\Required_Bins\Ninject.Extensions.Conventions.dll
		ThirdParty\Required_Bins\Ninject.Web.Common.dll = ThirdParty\Required_Bins\Ninject.Web.Common.dll
		ThirdParty\Required_Bins\Ninject.Web.Mvc.dll = ThirdParty\Required_Bins\Ninject.Web.Mvc.dll
		ThirdParty\Required_Bins\NSubstitute.dll = ThirdParty\Required_Bins\NSubstitute.dll
		ThirdParty\Required_Bins\nunit.exe.config = ThirdParty\Required_Bins\nunit.exe.config
		ThirdParty\Required_Bins\nunit.framework.dll = ThirdParty\Required_Bins\nunit.framework.dll
	EndProjectSection
EndProject
Project("{FAE04EC0-301F-11D3-BF4B-00C04F79EFBC}") = "SmartHome.Service", "SmartHome.Service\SmartHome.Service.csproj", "{1119A1F5-8267-4927-93D7-FF23A54F8DD9}"
EndProject
Project("{FAE04EC0-301F-11D3-BF4B-00C04F79EFBC}") = "SmartHome.Repository", "SmartHome.Repository\SmartHome.Repository.csproj", "{64D9F19F-96D9-4E12-915B-5785D727FB2F}"
EndProject
Project("{FAE04EC0-301F-11D3-BF4B-00C04F79EFBC}") = "SmartHome.Domain", "SmartHome.Domain\SmartHome.Domain.csproj", "{79D5294E-6062-4472-9A80-018661F3C314}"
EndProject
Project("{2150E333-8FDC-42A3-9474-1A3956D46DE8}") = "UnitTest", "UnitTest", "{8811CA57-B5CE-4BCD-960E-E40BF3543963}"
EndProject
Project("{FAE04EC0-301F-11D3-BF4B-00C04F79EFBC}") = "SmartHome.Repository.UnitTest", "SmartHome.Repository.UnitTest\SmartHome.Repository.UnitTest.csproj", "{537CEA80-FC7F-40EE-9888-AE2F69E66F86}"
EndProject
Project("{FAE04EC0-301F-11D3-BF4B-00C04F79EFBC}") = "SmartHome.Service.Interface", "SmartHome.Service.Interface\SmartHome.Service.Interface.csproj", "{24F42FEB-BB46-499B-A8E4-E16B7A5D8DE7}"
EndProject
Global
	GlobalSection(SolutionConfigurationPlatforms) = preSolution
		Debug|Any CPU = Debug|Any CPU
		Release|Any CPU = Release|Any CPU
	EndGlobalSection
	GlobalSection(ProjectConfigurationPlatforms) = postSolution
		{E0F5AF1A-AD35-4A06-8CAA-C32D73D0FD07}.Debug|Any CPU.ActiveCfg = Debug|Any CPU
		{E0F5AF1A-AD35-4A06-8CAA-C32D73D0FD07}.Debug|Any CPU.Build.0 = Debug|Any CPU
		{E0F5AF1A-AD35-4A06-8CAA-C32D73D0FD07}.Release|Any CPU.ActiveCfg = Release|Any CPU
		{E0F5AF1A-AD35-4A06-8CAA-C32D73D0FD07}.Release|Any CPU.Build.0 = Release|Any CPU
		{C61CA7CF-B88F-4249-9E66-7E0F42A075D6}.Debug|Any CPU.ActiveCfg = Debug|Any CPU
		{C61CA7CF-B88F-4249-9E66-7E0F42A075D6}.Debug|Any CPU.Build.0 = Debug|Any CPU
		{C61CA7CF-B88F-4249-9E66-7E0F42A075D6}.Release|Any CPU.ActiveCfg = Release|Any CPU
		{C61CA7CF-B88F-4249-9E66-7E0F42A075D6}.Release|Any CPU.Build.0 = Release|Any CPU
		{1119A1F5-8267-4927-93D7-FF23A54F8DD9}.Debug|Any CPU.ActiveCfg = Debug|Any CPU
		{1119A1F5-8267-4927-93D7-FF23A54F8DD9}.Debug|Any CPU.Build.0 = Debug|Any CPU
		{1119A1F5-8267-4927-93D7-FF23A54F8DD9}.Release|Any CPU.ActiveCfg = Release|Any CPU
		{1119A1F5-8267-4927-93D7-FF23A54F8DD9}.Release|Any CPU.Build.0 = Release|Any CPU
		{64D9F19F-96D9-4E12-915B-5785D727FB2F}.Debug|Any CPU.ActiveCfg = Debug|Any CPU
		{64D9F19F-96D9-4E12-915B-5785D727FB2F}.Debug|Any CPU.Build.0 = Debug|Any CPU
		{64D9F19F-96D9-4E12-915B-5785D727FB2F}.Release|Any CPU.ActiveCfg = Release|Any CPU
		{64D9F19F-96D9-4E12-915B-5785D727FB2F}.Release|Any CPU.Build.0 = Release|Any CPU
		{79D5294E-6062-4472-9A80-018661F3C314}.Debug|Any CPU.ActiveCfg = Debug|Any CPU
		{79D5294E-6062-4472-9A80-018661F3C314}.Debug|Any CPU.Build.0 = Debug|Any CPU
		{79D5294E-6062-4472-9A80-018661F3C314}.Release|Any CPU.ActiveCfg = Release|Any CPU
		{79D5294E-6062-4472-9A80-018661F3C314}.Release|Any CPU.Build.0 = Release|Any CPU
		{537CEA80-FC7F-40EE-9888-AE2F69E66F86}.Debug|Any CPU.ActiveCfg = Debug|Any CPU
		{537CEA80-FC7F-40EE-9888-AE2F69E66F86}.Debug|Any CPU.Build.0 = Debug|Any CPU
		{537CEA80-FC7F-40EE-9888-AE2F69E66F86}.Release|Any CPU.ActiveCfg = Release|Any CPU
		{537CEA80-FC7F-40EE-9888-AE2F69E66F86}.Release|Any CPU.Build.0 = Release|Any CPU
		{24F42FEB-BB46-499B-A8E4-E16B7A5D8DE7}.Debug|Any CPU.ActiveCfg = Debug|Any CPU
		{24F42FEB-BB46-499B-A8E4-E16B7A5D8DE7}.Debug|Any CPU.Build.0 = Debug|Any CPU
		{24F42FEB-BB46-499B-A8E4-E16B7A5D8DE7}.Release|Any CPU.ActiveCfg = Release|Any CPU
		{24F42FEB-BB46-499B-A8E4-E16B7A5D8DE7}.Release|Any CPU.Build.0 = Release|Any CPU
	EndGlobalSection
	GlobalSection(SolutionProperties) = preSolution
		HideSolutionNode = FALSE
	EndGlobalSection
	GlobalSection(NestedProjects) = preSolution
		{5E639B8D-0C56-446C-BD66-DB81F5053B49} = {00F0585E-38F5-4BAE-982B-DAF3A50F2DE7}
		{537CEA80-FC7F-40EE-9888-AE2F69E66F86} = {8811CA57-B5CE-4BCD-960E-E40BF3543963}
	EndGlobalSection
EndGlobal
