
Microsoft Visual Studio Solution File, Format Version 12.00
# Visual Studio 2013
VisualStudioVersion = 12.0.30723.0
MinimumVisualStudioVersion = 10.0.40219.1
Project("{FAE04EC0-301F-11D3-BF4B-00C04F79EFBC}") = "SmartHome.RESTService", "RESTService\SmartHome.RESTService.csproj", "{E0F5AF1A-AD35-4A06-8CAA-C32D73D0FD07}"
EndProject
Project("{FAE04EC0-301F-11D3-BF4B-00C04F79EFBC}") = "SmartHome.ViewModel", "SmartHome.ViewModel\SmartHome.ViewModel.csproj", "{C61CA7CF-B88F-4249-9E66-7E0F42A075D6}"
EndProject
Project("{FAE04EC0-301F-11D3-BF4B-00C04F79EFBC}") = "SmartHome.Service", "SmartHome.Repository\SmartHome.Service.csproj", "{1119A1F5-8267-4927-93D7-FF23A54F8DD9}"
EndProject
Project("{2150E333-8FDC-42A3-9474-1A3956D46DE8}") = "DB", "DB", "{A50CFAFF-F6DA-4A0A-8159-3FD071DDD8C1}"
	ProjectSection(SolutionItems) = preProject
		DB\CreateDB.sql = DB\CreateDB.sql
	EndProjectSection
EndProject
Project("{2150E333-8FDC-42A3-9474-1A3956D46DE8}") = "ThirdParty", "ThirdParty", "{00F0585E-38F5-4BAE-982B-DAF3A50F2DE7}"
	ProjectSection(SolutionItems) = preProject
		ThirdParty\Json60r6.zip = ThirdParty\Json60r6.zip
		ThirdParty\NHibernate-3.3.3.GA-bin.zip = ThirdParty\NHibernate-3.3.3.GA-bin.zip
	EndProjectSection
EndProject
Project("{2150E333-8FDC-42A3-9474-1A3956D46DE8}") = "Required_Bins", "Required_Bins", "{5E639B8D-0C56-446C-BD66-DB81F5053B49}"
	ProjectSection(SolutionItems) = preProject
		ThirdParty\Required_Bins\Iesi.Collections.dll = ThirdParty\Required_Bins\Iesi.Collections.dll
		ThirdParty\Required_Bins\Iesi.Collections.pdb = ThirdParty\Required_Bins\Iesi.Collections.pdb
		ThirdParty\Required_Bins\Iesi.Collections.xml = ThirdParty\Required_Bins\Iesi.Collections.xml
		ThirdParty\Required_Bins\Newtonsoft.Json.dll = ThirdParty\Required_Bins\Newtonsoft.Json.dll
		ThirdParty\Required_Bins\Newtonsoft.Json.pdb = ThirdParty\Required_Bins\Newtonsoft.Json.pdb
		ThirdParty\Required_Bins\Newtonsoft.Json.xml = ThirdParty\Required_Bins\Newtonsoft.Json.xml
		ThirdParty\Required_Bins\nhibernate-configuration.xsd = ThirdParty\Required_Bins\nhibernate-configuration.xsd
		ThirdParty\Required_Bins\nhibernate-mapping.xsd = ThirdParty\Required_Bins\nhibernate-mapping.xsd
		ThirdParty\Required_Bins\NHibernate.dll = ThirdParty\Required_Bins\NHibernate.dll
		ThirdParty\Required_Bins\NHibernate.pdb = ThirdParty\Required_Bins\NHibernate.pdb
		ThirdParty\Required_Bins\NHibernate.xml = ThirdParty\Required_Bins\NHibernate.xml
	EndProjectSection
EndProject
Project("{FAE04EC0-301F-11D3-BF4B-00C04F79EFBC}") = "SmartHome.Service.Interface", "SmartHome.Service.Interface\SmartHome.Service.Interface.csproj", "{52E47C31-D97E-4713-947A-1AA384C704B8}"
EndProject
Global
	GlobalSection(SolutionConfigurationPlatforms) = preSolution
		Debug|Any CPU = Debug|Any CPU
		Release|Any CPU = Release|Any CPU
	EndGlobalSection
	GlobalSection(ProjectConfigurationPlatforms) = postSolution
		{E0F5AF1A-AD35-4A06-8CAA-C32D73D0FD07}.Debug|Any CPU.ActiveCfg = Debug|Any CPU
		{E0F5AF1A-AD35-4A06-8CAA-C32D73D0FD07}.Debug|Any CPU.Build.0 = Debug|Any CPU
		{E0F5AF1A-AD35-4A06-8CAA-C32D73D0FD07}.Release|Any CPU.ActiveCfg = Release|Any CPU
		{E0F5AF1A-AD35-4A06-8CAA-C32D73D0FD07}.Release|Any CPU.Build.0 = Release|Any CPU
		{C61CA7CF-B88F-4249-9E66-7E0F42A075D6}.Debug|Any CPU.ActiveCfg = Debug|Any CPU
		{C61CA7CF-B88F-4249-9E66-7E0F42A075D6}.Debug|Any CPU.Build.0 = Debug|Any CPU
		{C61CA7CF-B88F-4249-9E66-7E0F42A075D6}.Release|Any CPU.ActiveCfg = Release|Any CPU
		{C61CA7CF-B88F-4249-9E66-7E0F42A075D6}.Release|Any CPU.Build.0 = Release|Any CPU
		{1119A1F5-8267-4927-93D7-FF23A54F8DD9}.Debug|Any CPU.ActiveCfg = Debug|Any CPU
		{1119A1F5-8267-4927-93D7-FF23A54F8DD9}.Debug|Any CPU.Build.0 = Debug|Any CPU
		{1119A1F5-8267-4927-93D7-FF23A54F8DD9}.Release|Any CPU.ActiveCfg = Release|Any CPU
		{1119A1F5-8267-4927-93D7-FF23A54F8DD9}.Release|Any CPU.Build.0 = Release|Any CPU
		{52E47C31-D97E-4713-947A-1AA384C704B8}.Debug|Any CPU.ActiveCfg = Debug|Any CPU
		{52E47C31-D97E-4713-947A-1AA384C704B8}.Debug|Any CPU.Build.0 = Debug|Any CPU
		{52E47C31-D97E-4713-947A-1AA384C704B8}.Release|Any CPU.ActiveCfg = Release|Any CPU
		{52E47C31-D97E-4713-947A-1AA384C704B8}.Release|Any CPU.Build.0 = Release|Any CPU
	EndGlobalSection
	GlobalSection(SolutionProperties) = preSolution
		HideSolutionNode = FALSE
	EndGlobalSection
	GlobalSection(NestedProjects) = preSolution
		{5E639B8D-0C56-446C-BD66-DB81F5053B49} = {00F0585E-38F5-4BAE-982B-DAF3A50F2DE7}
	EndGlobalSection
EndGlobal
